
Microsoft Visual Studio Solution File, Format Version 12.00
# Visual Studio Version 17
VisualStudioVersion = 17.0.31919.166
MinimumVisualStudioVersion = 10.0.40219.1
Project("{9A19103F-16F7-4668-BE54-9A1E7A4F7556}") = "AirQualityMonitor", "AirQualityMonitor\AirQualityMonitor.csproj", "{0AC0E4E6-3F95-4F8C-9F7C-73BB0E3FF255}"
EndProject
Project("{9A19103F-16F7-4668-BE54-9A1E7A4F7556}") = "ShedMonitor", "ShedMonitor\ShedMonitor.csproj", "{7675BF0E-D9FB-4D22-B1E3-D081ACACCAFC}"
EndProject
Project("{9A19103F-16F7-4668-BE54-9A1E7A4F7556}") = "GreenhouseMonitor", "GreenhouseMonitor\GreenhouseMonitor.csproj", "{E700AF87-69C7-4DA5-8918-381EB06DCE70}"
EndProject
Project("{D954291E-2A0B-460D-934E-DC6B0785DB48}") = "CommonCode", "CommonCode\CommonCode.shproj", "{FA3A3E57-309D-4248-98BD-15A78CB316FA}"
EndProject
Global
	GlobalSection(SharedMSBuildProjectFiles) = preSolution
		CommonCode\CommonCode.projitems*{0ac0e4e6-3f95-4f8c-9f7c-73bb0e3ff255}*SharedItemsImports = 5
		CommonCode\CommonCode.projitems*{7675bf0e-d9fb-4d22-b1e3-d081acaccafc}*SharedItemsImports = 5
		CommonCode\CommonCode.projitems*{e700af87-69c7-4da5-8918-381eb06dce70}*SharedItemsImports = 5
		CommonCode\CommonCode.projitems*{fa3a3e57-309d-4248-98bd-15a78cb316fa}*SharedItemsImports = 13
	EndGlobalSection
	GlobalSection(SolutionConfigurationPlatforms) = preSolution
		Debug|Any CPU = Debug|Any CPU
		Release|Any CPU = Release|Any CPU
	EndGlobalSection
	GlobalSection(ProjectConfigurationPlatforms) = postSolution
		{0AC0E4E6-3F95-4F8C-9F7C-73BB0E3FF255}.Debug|Any CPU.ActiveCfg = Debug|Any CPU
		{0AC0E4E6-3F95-4F8C-9F7C-73BB0E3FF255}.Debug|Any CPU.Build.0 = Debug|Any CPU
		{0AC0E4E6-3F95-4F8C-9F7C-73BB0E3FF255}.Release|Any CPU.ActiveCfg = Release|Any CPU
		{0AC0E4E6-3F95-4F8C-9F7C-73BB0E3FF255}.Release|Any CPU.Build.0 = Release|Any CPU
		{7675BF0E-D9FB-4D22-B1E3-D081ACACCAFC}.Debug|Any CPU.ActiveCfg = Debug|Any CPU
		{7675BF0E-D9FB-4D22-B1E3-D081ACACCAFC}.Debug|Any CPU.Build.0 = Debug|Any CPU
		{7675BF0E-D9FB-4D22-B1E3-D081ACACCAFC}.Release|Any CPU.ActiveCfg = Release|Any CPU
		{7675BF0E-D9FB-4D22-B1E3-D081ACACCAFC}.Release|Any CPU.Build.0 = Release|Any CPU
		{E700AF87-69C7-4DA5-8918-381EB06DCE70}.Debug|Any CPU.ActiveCfg = Debug|Any CPU
		{E700AF87-69C7-4DA5-8918-381EB06DCE70}.Debug|Any CPU.Build.0 = Debug|Any CPU
		{E700AF87-69C7-4DA5-8918-381EB06DCE70}.Release|Any CPU.ActiveCfg = Release|Any CPU
		{E700AF87-69C7-4DA5-8918-381EB06DCE70}.Release|Any CPU.Build.0 = Release|Any CPU
	EndGlobalSection
	GlobalSection(SolutionProperties) = preSolution
		HideSolutionNode = FALSE
	EndGlobalSection
	GlobalSection(ExtensibilityGlobals) = postSolution
		SolutionGuid = {D71DA78D-5BB9-4AB7-9F00-A51EB6051B56}
	EndGlobalSection
EndGlobal
