
Microsoft Visual Studio Solution File, Format Version 12.00
# Visual Studio Version 16
VisualStudioVersion = 16.0.31205.134
MinimumVisualStudioVersion = 10.0.40219.1
Project("{9A19103F-16F7-4668-BE54-9A1E7A4F7556}") = "AirQualityMonitor", "AirQualityMonitor\AirQualityMonitor.csproj", "{0AC0E4E6-3F95-4F8C-9F7C-73BB0E3FF255}"
EndProject
Project("{9A19103F-16F7-4668-BE54-9A1E7A4F7556}") = "Helpers", "Helpers\Helpers.csproj", "{05B3B6E4-6B78-4E52-9016-9BE36A6D9B5E}"
EndProject
Project("{FAE04EC0-301F-11D3-BF4B-00C04F79EFBC}") = "ShedMonitor", "ShedMonitor\ShedMonitor.csproj", "{7675BF0E-D9FB-4D22-B1E3-D081ACACCAFC}"
EndProject
Global
	GlobalSection(SolutionConfigurationPlatforms) = preSolution
		Debug|Any CPU = Debug|Any CPU
		Release|Any CPU = Release|Any CPU
	EndGlobalSection
	GlobalSection(ProjectConfigurationPlatforms) = postSolution
		{0AC0E4E6-3F95-4F8C-9F7C-73BB0E3FF255}.Debug|Any CPU.ActiveCfg = Debug|Any CPU
		{0AC0E4E6-3F95-4F8C-9F7C-73BB0E3FF255}.Debug|Any CPU.Build.0 = Debug|Any CPU
		{0AC0E4E6-3F95-4F8C-9F7C-73BB0E3FF255}.Release|Any CPU.ActiveCfg = Release|Any CPU
		{0AC0E4E6-3F95-4F8C-9F7C-73BB0E3FF255}.Release|Any CPU.Build.0 = Release|Any CPU
		{05B3B6E4-6B78-4E52-9016-9BE36A6D9B5E}.Debug|Any CPU.ActiveCfg = Debug|Any CPU
		{05B3B6E4-6B78-4E52-9016-9BE36A6D9B5E}.Debug|Any CPU.Build.0 = Debug|Any CPU
		{05B3B6E4-6B78-4E52-9016-9BE36A6D9B5E}.Release|Any CPU.ActiveCfg = Release|Any CPU
		{05B3B6E4-6B78-4E52-9016-9BE36A6D9B5E}.Release|Any CPU.Build.0 = Release|Any CPU
		{7675BF0E-D9FB-4D22-B1E3-D081ACACCAFC}.Debug|Any CPU.ActiveCfg = Debug|Any CPU
		{7675BF0E-D9FB-4D22-B1E3-D081ACACCAFC}.Debug|Any CPU.Build.0 = Debug|Any CPU
		{7675BF0E-D9FB-4D22-B1E3-D081ACACCAFC}.Release|Any CPU.ActiveCfg = Release|Any CPU
		{7675BF0E-D9FB-4D22-B1E3-D081ACACCAFC}.Release|Any CPU.Build.0 = Release|Any CPU
	EndGlobalSection
	GlobalSection(SolutionProperties) = preSolution
		HideSolutionNode = FALSE
	EndGlobalSection
	GlobalSection(ExtensibilityGlobals) = postSolution
		SolutionGuid = {D71DA78D-5BB9-4AB7-9F00-A51EB6051B56}
	EndGlobalSection
EndGlobal
